// !$*UTF8*$!
{
	archiveVersion = 1;
	classes = {
	};
	objectVersion = 50;
	objects = {

/* Begin PBXBuildFile section */
		2409EF86217BF989007848CA /* AddTaskTextView.swift in Sources */ = {isa = PBXBuildFile; fileRef = 2409EF85217BF989007848CA /* AddTaskTextView.swift */; };
		2422F430216D909B00335B8E /* AppDelegate.swift in Sources */ = {isa = PBXBuildFile; fileRef = 2422F42F216D909B00335B8E /* AppDelegate.swift */; };
		2422F435216D909B00335B8E /* Main.storyboard in Resources */ = {isa = PBXBuildFile; fileRef = 2422F433216D909B00335B8E /* Main.storyboard */; };
		2422F438216D909B00335B8E /* CoreDataToDo.xcdatamodeld in Sources */ = {isa = PBXBuildFile; fileRef = 2422F436216D909B00335B8E /* CoreDataToDo.xcdatamodeld */; };
		2422F43A216D909C00335B8E /* Assets.xcassets in Resources */ = {isa = PBXBuildFile; fileRef = 2422F439216D909C00335B8E /* Assets.xcassets */; };
		2422F43D216D909C00335B8E /* LaunchScreen.storyboard in Resources */ = {isa = PBXBuildFile; fileRef = 2422F43B216D909C00335B8E /* LaunchScreen.storyboard */; };
		2422F44A216D912F00335B8E /* Constants.swift in Sources */ = {isa = PBXBuildFile; fileRef = 2422F449216D912F00335B8E /* Constants.swift */; };
		2422F44C216D913700335B8E /* MainTaskCell.swift in Sources */ = {isa = PBXBuildFile; fileRef = 2422F44B216D913700335B8E /* MainTaskCell.swift */; };
		2422F450216D914600335B8E /* TaskVC.swift in Sources */ = {isa = PBXBuildFile; fileRef = 2422F44D216D914600335B8E /* TaskVC.swift */; };
		2422F451216D914600335B8E /* CompletedTaskVC.swift in Sources */ = {isa = PBXBuildFile; fileRef = 2422F44E216D914600335B8E /* CompletedTaskVC.swift */; };
		2422F452216D914600335B8E /* TaskCreatorVC.swift in Sources */ = {isa = PBXBuildFile; fileRef = 2422F44F216D914600335B8E /* TaskCreatorVC.swift */; };
		2422F455216D916E00335B8E /* Extensions.swift in Sources */ = {isa = PBXBuildFile; fileRef = 2422F454216D916E00335B8E /* Extensions.swift */; };
/* End PBXBuildFile section */

/* Begin PBXFileReference section */
		2409EF85217BF989007848CA /* AddTaskTextView.swift */ = {isa = PBXFileReference; lastKnownFileType = sourcecode.swift; path = AddTaskTextView.swift; sourceTree = "<group>"; };
		2422F42C216D909B00335B8E /* CoreDataToDo.app */ = {isa = PBXFileReference; explicitFileType = wrapper.application; includeInIndex = 0; path = CoreDataToDo.app; sourceTree = BUILT_PRODUCTS_DIR; };
		2422F42F216D909B00335B8E /* AppDelegate.swift */ = {isa = PBXFileReference; lastKnownFileType = sourcecode.swift; path = AppDelegate.swift; sourceTree = "<group>"; };
		2422F434216D909B00335B8E /* Base */ = {isa = PBXFileReference; lastKnownFileType = file.storyboard; name = Base; path = Base.lproj/Main.storyboard; sourceTree = "<group>"; };
		2422F437216D909B00335B8E /* CoreDataToDo.xcdatamodel */ = {isa = PBXFileReference; lastKnownFileType = wrapper.xcdatamodel; path = CoreDataToDo.xcdatamodel; sourceTree = "<group>"; };
		2422F439216D909C00335B8E /* Assets.xcassets */ = {isa = PBXFileReference; lastKnownFileType = folder.assetcatalog; path = Assets.xcassets; sourceTree = "<group>"; };
		2422F43C216D909C00335B8E /* Base */ = {isa = PBXFileReference; lastKnownFileType = file.storyboard; name = Base; path = Base.lproj/LaunchScreen.storyboard; sourceTree = "<group>"; };
		2422F43E216D909C00335B8E /* Info.plist */ = {isa = PBXFileReference; lastKnownFileType = text.plist.xml; path = Info.plist; sourceTree = "<group>"; };
		2422F449216D912F00335B8E /* Constants.swift */ = {isa = PBXFileReference; fileEncoding = 4; lastKnownFileType = sourcecode.swift; path = Constants.swift; sourceTree = "<group>"; };
		2422F44B216D913700335B8E /* MainTaskCell.swift */ = {isa = PBXFileReference; fileEncoding = 4; lastKnownFileType = sourcecode.swift; path = MainTaskCell.swift; sourceTree = "<group>"; };
		2422F44D216D914600335B8E /* TaskVC.swift */ = {isa = PBXFileReference; fileEncoding = 4; lastKnownFileType = sourcecode.swift; path = TaskVC.swift; sourceTree = "<group>"; };
		2422F44E216D914600335B8E /* CompletedTaskVC.swift */ = {isa = PBXFileReference; fileEncoding = 4; lastKnownFileType = sourcecode.swift; path = CompletedTaskVC.swift; sourceTree = "<group>"; };
		2422F44F216D914600335B8E /* TaskCreatorVC.swift */ = {isa = PBXFileReference; fileEncoding = 4; lastKnownFileType = sourcecode.swift; path = TaskCreatorVC.swift; sourceTree = "<group>"; };
		2422F454216D916E00335B8E /* Extensions.swift */ = {isa = PBXFileReference; fileEncoding = 4; lastKnownFileType = sourcecode.swift; path = Extensions.swift; sourceTree = "<group>"; };
/* End PBXFileReference section */

/* Begin PBXFrameworksBuildPhase section */
		2422F429216D909B00335B8E /* Frameworks */ = {
			isa = PBXFrameworksBuildPhase;
			buildActionMask = 2147483647;
			files = (
			);
			runOnlyForDeploymentPostprocessing = 0;
		};
/* End PBXFrameworksBuildPhase section */

/* Begin PBXGroup section */
		2422F423216D909B00335B8E = {
			isa = PBXGroup;
			children = (
				2422F42E216D909B00335B8E /* CoreDataToDo */,
				2422F42D216D909B00335B8E /* Products */,
			);
			sourceTree = "<group>";
		};
		2422F42D216D909B00335B8E /* Products */ = {
			isa = PBXGroup;
			children = (
				2422F42C216D909B00335B8E /* CoreDataToDo.app */,
			);
			name = Products;
			sourceTree = "<group>";
		};
		2422F42E216D909B00335B8E /* CoreDataToDo */ = {
			isa = PBXGroup;
			children = (
				2422F453216D916300335B8E /* Extensions */,
				2422F448216D911700335B8E /* StoryBoard */,
				2422F447216D910E00335B8E /* Model */,
				2422F446216D910300335B8E /* Controller */,
				2422F445216D90F700335B8E /* View */,
				2422F444216D90E900335B8E /* Assets */,
				2422F42F216D909B00335B8E /* AppDelegate.swift */,
				2422F439216D909C00335B8E /* Assets.xcassets */,
				2422F43E216D909C00335B8E /* Info.plist */,
			);
			path = CoreDataToDo;
			sourceTree = "<group>";
		};
		2422F444216D90E900335B8E /* Assets */ = {
			isa = PBXGroup;
			children = (
				2422F449216D912F00335B8E /* Constants.swift */,
			);
			path = Assets;
			sourceTree = "<group>";
		};
		2422F445216D90F700335B8E /* View */ = {
			isa = PBXGroup;
			children = (
				2422F44B216D913700335B8E /* MainTaskCell.swift */,
				2409EF85217BF989007848CA /* AddTaskTextView.swift */,
			);
			path = View;
			sourceTree = "<group>";
		};
		2422F446216D910300335B8E /* Controller */ = {
			isa = PBXGroup;
			children = (
				2422F44E216D914600335B8E /* CompletedTaskVC.swift */,
				2422F44F216D914600335B8E /* TaskCreatorVC.swift */,
				2422F44D216D914600335B8E /* TaskVC.swift */,
			);
			path = Controller;
			sourceTree = "<group>";
		};
		2422F447216D910E00335B8E /* Model */ = {
			isa = PBXGroup;
			children = (
				2422F436216D909B00335B8E /* CoreDataToDo.xcdatamodeld */,
			);
			path = Model;
			sourceTree = "<group>";
		};
		2422F448216D911700335B8E /* StoryBoard */ = {
			isa = PBXGroup;
			children = (
				2422F43B216D909C00335B8E /* LaunchScreen.storyboard */,
				2422F433216D909B00335B8E /* Main.storyboard */,
			);
			path = StoryBoard;
			sourceTree = "<group>";
		};
		2422F453216D916300335B8E /* Extensions */ = {
			isa = PBXGroup;
			children = (
				2422F454216D916E00335B8E /* Extensions.swift */,
			);
			path = Extensions;
			sourceTree = "<group>";
		};
/* End PBXGroup section */

/* Begin PBXNativeTarget section */
		2422F42B216D909B00335B8E /* CoreDataToDo */ = {
			isa = PBXNativeTarget;
			buildConfigurationList = 2422F441216D909C00335B8E /* Build configuration list for PBXNativeTarget "CoreDataToDo" */;
			buildPhases = (
				2422F428216D909B00335B8E /* Sources */,
				2422F429216D909B00335B8E /* Frameworks */,
				2422F42A216D909B00335B8E /* Resources */,
			);
			buildRules = (
			);
			dependencies = (
			);
			name = CoreDataToDo;
			productName = CoreDataToDo;
			productReference = 2422F42C216D909B00335B8E /* CoreDataToDo.app */;
			productType = "com.apple.product-type.application";
		};
/* End PBXNativeTarget section */

/* Begin PBXProject section */
		2422F424216D909B00335B8E /* Project object */ = {
			isa = PBXProject;
			attributes = {
				LastSwiftUpdateCheck = 1000;
				LastUpgradeCheck = 1000;
				ORGANIZATIONNAME = "Michael  Murphy";
				TargetAttributes = {
					2422F42B216D909B00335B8E = {
						CreatedOnToolsVersion = 10.0;
					};
				};
			};
			buildConfigurationList = 2422F427216D909B00335B8E /* Build configuration list for PBXProject "CoreDataToDo" */;
			compatibilityVersion = "Xcode 9.3";
			developmentRegion = en;
			hasScannedForEncodings = 0;
			knownRegions = (
				en,
				Base,
			);
			mainGroup = 2422F423216D909B00335B8E;
			productRefGroup = 2422F42D216D909B00335B8E /* Products */;
			projectDirPath = "";
			projectRoot = "";
			targets = (
				2422F42B216D909B00335B8E /* CoreDataToDo */,
			);
		};
/* End PBXProject section */

/* Begin PBXResourcesBuildPhase section */
		2422F42A216D909B00335B8E /* Resources */ = {
			isa = PBXResourcesBuildPhase;
			buildActionMask = 2147483647;
			files = (
				2422F43D216D909C00335B8E /* LaunchScreen.storyboard in Resources */,
				2422F43A216D909C00335B8E /* Assets.xcassets in Resources */,
				2422F435216D909B00335B8E /* Main.storyboard in Resources */,
			);
			runOnlyForDeploymentPostprocessing = 0;
		};
/* End PBXResourcesBuildPhase section */

/* Begin PBXSourcesBuildPhase section */
		2422F428216D909B00335B8E /* Sources */ = {
			isa = PBXSourcesBuildPhase;
			buildActionMask = 2147483647;
			files = (
				2422F455216D916E00335B8E /* Extensions.swift in Sources */,
				2422F430216D909B00335B8E /* AppDelegate.swift in Sources */,
				2409EF86217BF989007848CA /* AddTaskTextView.swift in Sources */,
				2422F452216D914600335B8E /* TaskCreatorVC.swift in Sources */,
				2422F438216D909B00335B8E /* CoreDataToDo.xcdatamodeld in Sources */,
				2422F451216D914600335B8E /* CompletedTaskVC.swift in Sources */,
				2422F450216D914600335B8E /* TaskVC.swift in Sources */,
				2422F44A216D912F00335B8E /* Constants.swift in Sources */,
				2422F44C216D913700335B8E /* MainTaskCell.swift in Sources */,
			);
			runOnlyForDeploymentPostprocessing = 0;
		};
/* End PBXSourcesBuildPhase section */

/* Begin PBXVariantGroup section */
		2422F433216D909B00335B8E /* Main.storyboard */ = {
			isa = PBXVariantGroup;
			children = (
				2422F434216D909B00335B8E /* Base */,
			);
			name = Main.storyboard;
			sourceTree = "<group>";
		};
		2422F43B216D909C00335B8E /* LaunchScreen.storyboard */ = {
			isa = PBXVariantGroup;
			children = (
				2422F43C216D909C00335B8E /* Base */,
			);
			name = LaunchScreen.storyboard;
			sourceTree = "<group>";
		};
/* End PBXVariantGroup section */

/* Begin XCBuildConfiguration section */
		2422F43F216D909C00335B8E /* Debug */ = {
			isa = XCBuildConfiguration;
			buildSettings = {
				ALWAYS_SEARCH_USER_PATHS = NO;
				CLANG_ANALYZER_NONNULL = YES;
				CLANG_ANALYZER_NUMBER_OBJECT_CONVERSION = YES_AGGRESSIVE;
				CLANG_CXX_LANGUAGE_STANDARD = "gnu++14";
				CLANG_CXX_LIBRARY = "libc++";
				CLANG_ENABLE_MODULES = YES;
				CLANG_ENABLE_OBJC_ARC = YES;
				CLANG_ENABLE_OBJC_WEAK = YES;
				CLANG_WARN_BLOCK_CAPTURE_AUTORELEASING = YES;
				CLANG_WARN_BOOL_CONVERSION = YES;
				CLANG_WARN_COMMA = YES;
				CLANG_WARN_CONSTANT_CONVERSION = YES;
				CLANG_WARN_DEPRECATED_OBJC_IMPLEMENTATIONS = YES;
				CLANG_WARN_DIRECT_OBJC_ISA_USAGE = YES_ERROR;
				CLANG_WARN_DOCUMENTATION_COMMENTS = YES;
				CLANG_WARN_EMPTY_BODY = YES;
				CLANG_WARN_ENUM_CONVERSION = YES;
				CLANG_WARN_INFINITE_RECURSION = YES;
				CLANG_WARN_INT_CONVERSION = YES;
				CLANG_WARN_NON_LITERAL_NULL_CONVERSION = YES;
				CLANG_WARN_OBJC_IMPLICIT_RETAIN_SELF = YES;
				CLANG_WARN_OBJC_LITERAL_CONVERSION = YES;
				CLANG_WARN_OBJC_ROOT_CLASS = YES_ERROR;
				CLANG_WARN_RANGE_LOOP_ANALYSIS = YES;
				CLANG_WARN_STRICT_PROTOTYPES = YES;
				CLANG_WARN_SUSPICIOUS_MOVE = YES;
				CLANG_WARN_UNGUARDED_AVAILABILITY = YES_AGGRESSIVE;
				CLANG_WARN_UNREACHABLE_CODE = YES;
				CLANG_WARN__DUPLICATE_METHOD_MATCH = YES;
				CODE_SIGN_IDENTITY = "iPhone Developer";
				COPY_PHASE_STRIP = NO;
				DEBUG_INFORMATION_FORMAT = dwarf;
				ENABLE_STRICT_OBJC_MSGSEND = YES;
				ENABLE_TESTABILITY = YES;
				GCC_C_LANGUAGE_STANDARD = gnu11;
				GCC_DYNAMIC_NO_PIC = NO;
				GCC_NO_COMMON_BLOCKS = YES;
				GCC_OPTIMIZATION_LEVEL = 0;
				GCC_PREPROCESSOR_DEFINITIONS = (
					"DEBUG=1",
					"$(inherited)",
				);
				GCC_WARN_64_TO_32_BIT_CONVERSION = YES;
				GCC_WARN_ABOUT_RETURN_TYPE = YES_ERROR;
				GCC_WARN_UNDECLARED_SELECTOR = YES;
				GCC_WARN_UNINITIALIZED_AUTOS = YES_AGGRESSIVE;
				GCC_WARN_UNUSED_FUNCTION = YES;
				GCC_WARN_UNUSED_VARIABLE = YES;
				IPHONEOS_DEPLOYMENT_TARGET = 12.0;
				MTL_ENABLE_DEBUG_INFO = INCLUDE_SOURCE;
				MTL_FAST_MATH = YES;
				ONLY_ACTIVE_ARCH = YES;
				SDKROOT = iphoneos;
				SWIFT_ACTIVE_COMPILATION_CONDITIONS = DEBUG;
				SWIFT_OPTIMIZATION_LEVEL = "-Onone";
			};
			name = Debug;
		};
		2422F440216D909C00335B8E /* Release */ = {
			isa = XCBuildConfiguration;
			buildSettings = {
				ALWAYS_SEARCH_USER_PATHS = NO;
				CLANG_ANALYZER_NONNULL = YES;
				CLANG_ANALYZER_NUMBER_OBJECT_CONVERSION = YES_AGGRESSIVE;
				CLANG_CXX_LANGUAGE_STANDARD = "gnu++14";
				CLANG_CXX_LIBRARY = "libc++";
				CLANG_ENABLE_MODULES = YES;
				CLANG_ENABLE_OBJC_ARC = YES;
				CLANG_ENABLE_OBJC_WEAK = YES;
				CLANG_WARN_BLOCK_CAPTURE_AUTORELEASING = YES;
				CLANG_WARN_BOOL_CONVERSION = YES;
				CLANG_WARN_COMMA = YES;
				CLANG_WARN_CONSTANT_CONVERSION = YES;
				CLANG_WARN_DEPRECATED_OBJC_IMPLEMENTATIONS = YES;
				CLANG_WARN_DIRECT_OBJC_ISA_USAGE = YES_ERROR;
				CLANG_WARN_DOCUMENTATION_COMMENTS = YES;
				CLANG_WARN_EMPTY_BODY = YES;
				CLANG_WARN_ENUM_CONVERSION = YES;
				CLANG_WARN_INFINITE_RECURSION = YES;
				CLANG_WARN_INT_CONVERSION = YES;
				CLANG_WARN_NON_LITERAL_NULL_CONVERSION = YES;
				CLANG_WARN_OBJC_IMPLICIT_RETAIN_SELF = YES;
				CLANG_WARN_OBJC_LITERAL_CONVERSION = YES;
				CLANG_WARN_OBJC_ROOT_CLASS = YES_ERROR;
				CLANG_WARN_RANGE_LOOP_ANALYSIS = YES;
				CLANG_WARN_STRICT_PROTOTYPES = YES;
				CLANG_WARN_SUSPICIOUS_MOVE = YES;
				CLANG_WARN_UNGUARDED_AVAILABILITY = YES_AGGRESSIVE;
				CLANG_WARN_UNREACHABLE_CODE = YES;
				CLANG_WARN__DUPLICATE_METHOD_MATCH = YES;
				CODE_SIGN_IDENTITY = "iPhone Developer";
				COPY_PHASE_STRIP = NO;
				DEBUG_INFORMATION_FORMAT = "dwarf-with-dsym";
				ENABLE_NS_ASSERTIONS = NO;
				ENABLE_STRICT_OBJC_MSGSEND = YES;
				GCC_C_LANGUAGE_STANDARD = gnu11;
				GCC_NO_COMMON_BLOCKS = YES;
				GCC_WARN_64_TO_32_BIT_CONVERSION = YES;
				GCC_WARN_ABOUT_RETURN_TYPE = YES_ERROR;
				GCC_WARN_UNDECLARED_SELECTOR = YES;
				GCC_WARN_UNINITIALIZED_AUTOS = YES_AGGRESSIVE;
				GCC_WARN_UNUSED_FUNCTION = YES;
				GCC_WARN_UNUSED_VARIABLE = YES;
				IPHONEOS_DEPLOYMENT_TARGET = 12.0;
				MTL_ENABLE_DEBUG_INFO = NO;
				MTL_FAST_MATH = YES;
				SDKROOT = iphoneos;
				SWIFT_COMPILATION_MODE = wholemodule;
				SWIFT_OPTIMIZATION_LEVEL = "-O";
				VALIDATE_PRODUCT = YES;
			};
			name = Release;
		};
		2422F442216D909C00335B8E /* Debug */ = {
			isa = XCBuildConfiguration;
			buildSettings = {
				ASSETCATALOG_COMPILER_APPICON_NAME = AppIcon;
				CODE_SIGN_STYLE = Automatic;
				DEVELOPMENT_TEAM = 63N3REBS57;
				INFOPLIST_FILE = CoreDataToDo/Info.plist;
				LD_RUNPATH_SEARCH_PATHS = (
					"$(inherited)",
					"@executable_path/Frameworks",
				);
				PRODUCT_BUNDLE_IDENTIFIER = com.MichaelMurphy.CoreDataToDo;
				PRODUCT_NAME = "$(TARGET_NAME)";
				SWIFT_VERSION = 4.2;
				TARGETED_DEVICE_FAMILY = "1,2";
			};
			name = Debug;
		};
		2422F443216D909C00335B8E /* Release */ = {
			isa = XCBuildConfiguration;
			buildSettings = {
				ASSETCATALOG_COMPILER_APPICON_NAME = AppIcon;
				CODE_SIGN_STYLE = Automatic;
				DEVELOPMENT_TEAM = 63N3REBS57;
				INFOPLIST_FILE = CoreDataToDo/Info.plist;
				LD_RUNPATH_SEARCH_PATHS = (
					"$(inherited)",
					"@executable_path/Frameworks",
				);
				PRODUCT_BUNDLE_IDENTIFIER = com.MichaelMurphy.CoreDataToDo;
				PRODUCT_NAME = "$(TARGET_NAME)";
				SWIFT_VERSION = 4.2;
				TARGETED_DEVICE_FAMILY = "1,2";
			};
			name = Release;
		};
/* End XCBuildConfiguration section */

/* Begin XCConfigurationList section */
		2422F427216D909B00335B8E /* Build configuration list for PBXProject "CoreDataToDo" */ = {
			isa = XCConfigurationList;
			buildConfigurations = (
				2422F43F216D909C00335B8E /* Debug */,
				2422F440216D909C00335B8E /* Release */,
			);
			defaultConfigurationIsVisible = 0;
			defaultConfigurationName = Release;
		};
		2422F441216D909C00335B8E /* Build configuration list for PBXNativeTarget "CoreDataToDo" */ = {
			isa = XCConfigurationList;
			buildConfigurations = (
				2422F442216D909C00335B8E /* Debug */,
				2422F443216D909C00335B8E /* Release */,
			);
			defaultConfigurationIsVisible = 0;
			defaultConfigurationName = Release;
		};
/* End XCConfigurationList section */

/* Begin XCVersionGroup section */
		2422F436216D909B00335B8E /* CoreDataToDo.xcdatamodeld */ = {
			isa = XCVersionGroup;
			children = (
				2422F437216D909B00335B8E /* CoreDataToDo.xcdatamodel */,
			);
			currentVersion = 2422F437216D909B00335B8E /* CoreDataToDo.xcdatamodel */;
			path = CoreDataToDo.xcdatamodeld;
			sourceTree = "<group>";
			versionGroupType = wrapper.xcdatamodel;
		};
/* End XCVersionGroup section */
	};
	rootObject = 2422F424216D909B00335B8E /* Project object */;
}
